
Microsoft Visual Studio Solution File, Format Version 12.00
# Visual Studio Version 17
VisualStudioVersion = 17.4.33205.214
MinimumVisualStudioVersion = 10.0.40219.1
Project("{FAE04EC0-301F-11D3-BF4B-00C04F79EFBC}") = "PruebaCore2", "PruebaCore2\PruebaCore2.csproj", "{C108FCA1-66D9-4412-9E9A-CFB73315D212}"
EndProject
Global
	GlobalSection(SolutionConfigurationPlatforms) = preSolution
		Debug|Any CPU = Debug|Any CPU
		Release|Any CPU = Release|Any CPU
	EndGlobalSection
	GlobalSection(ProjectConfigurationPlatforms) = postSolution
		{C108FCA1-66D9-4412-9E9A-CFB73315D212}.Debug|Any CPU.ActiveCfg = Debug|Any CPU
		{C108FCA1-66D9-4412-9E9A-CFB73315D212}.Debug|Any CPU.Build.0 = Debug|Any CPU
		{C108FCA1-66D9-4412-9E9A-CFB73315D212}.Release|Any CPU.ActiveCfg = Release|Any CPU
		{C108FCA1-66D9-4412-9E9A-CFB73315D212}.Release|Any CPU.Build.0 = Release|Any CPU
	EndGlobalSection
	GlobalSection(SolutionProperties) = preSolution
		HideSolutionNode = FALSE
	EndGlobalSection
	GlobalSection(ExtensibilityGlobals) = postSolution
		SolutionGuid = {CCABED36-7574-474D-80B0-0757C17F7E85}
	EndGlobalSection
EndGlobal
